github.com/lmittmann/tint v1.1.2 h1:2CQzrL6rslrsyjqLDwD11bZ5OpLBPU+g3G/r5LSfS8w=
github.com/lmittmann/tint v1.1.2/go.mod h1:HIS3gSy7qNwGCj+5oRjAutErFBl4BzdQP6cJZ0NfMwE=
github.com/urfave/cli/v3 v3.4.1 h1:1M9UOCy5bLmGnuu1yn3t3CB4rG79Rtoxuv1sPhnm6qM=
github.com/urfave/cli/v3 v3.4.1/go.mod h1:FJSKtM/9AiiTOJL4fJ6TbMUkxBXn7GO9guZqoZtpYpo=
